{
  "version": 4,
  "terraform_version": "1.14.6",
  "serial": 30,
  "lineage": "250aa299-3329-576e-4d5f-c327fa24cc36",
  "outputs": {
    "ssm_parameter_names": {
      "value": [
        "/youtubebooster/admin/email",
        "/youtubebooster/admin/google/auth-uri",
        "/youtubebooster/admin/google/client-id",
        "/youtubebooster/admin/google/client-secret",
        "/youtubebooster/admin/google/credentials-json",
        "/youtubebooster/admin/google/project-id",
        "/youtubebooster/admin/google/redirect-uri",
        "/youtubebooster/admin/google/token-uri",
        "/youtubebooster/admin/password",
        "/youtubebooster/features/demo-rate-limit-per-hour",
        "/youtubebooster/features/enable-public-demo",
        "/youtubebooster/pricing/currency",
        "/youtubebooster/pricing/one-time-price",
        "/youtubebooster/ses/admin-email",
        "/youtubebooster/ses/from-email",
        "/youtubebooster/stripe/openai-api-key",
        "/youtubebooster/stripe/price-lookup-key",
        "/youtubebooster/stripe/publishable-key",
        "/youtubebooster/stripe/secret-key",
        "/youtubebooster/stripe/webhook-secret",
        "/youtubebooster/youtube/api-key"
      ],
      "type": [
        "tuple",
        [
          "string",
          "string",
          "string",
          "string",
          "string",
          "string",
          "string",
          "string",
          "string",
          "string",
          "string",
          "string",
          "string",
          "string",
          "string",
          "string",
          "string",
          "string",
          "string",
          "string",
          "string"
        ]
      ]
    }
  },
  "resources": [
    {
      "mode": "data",
      "type": "aws_caller_identity",
      "name": "current",
      "provider": "provider[\"registry.terraform.io/hashicorp/aws\"]",
      "instances": [
        {
          "schema_version": 0,
          "attributes": {
            "account_id": "718522948657",
            "arn": "arn:aws:iam::718522948657:user/petbehaviortranslator",
            "id": "718522948657",
            "user_id": "AIDA2OS2ODQY2LHW37ZQP"
          },
          "sensitive_attributes": [],
          "identity_schema_version": 0
        }
      ]
    },
    {
      "mode": "managed",
      "type": "aws_dynamodb_table",
      "name": "activity",
      "provider": "provider[\"registry.terraform.io/hashicorp/aws\"]",
      "instances": [
        {
          "schema_version": 1,
          "attributes": {
            "arn": "arn:aws:dynamodb:us-east-1:718522948657:table/ybai-activity",
            "attribute": [
              {
                "name": "pk",
                "type": "S"
              },
              {
                "name": "sk",
                "type": "S"
              }
            ],
            "billing_mode": "PAY_PER_REQUEST",
            "deletion_protection_enabled": false,
            "global_secondary_index": [],
            "hash_key": "pk",
            "id": "ybai-activity",
            "import_table": [],
            "local_secondary_index": [],
            "name": "ybai-activity",
            "on_demand_throughput": [],
            "point_in_time_recovery": [
              {
                "enabled": false,
                "recovery_period_in_days": 0
              }
            ],
            "range_key": "sk",
            "read_capacity": 0,
            "replica": [],
            "restore_date_time": null,
            "restore_source_name": null,
            "restore_source_table_arn": null,
            "restore_to_latest_time": null,
            "server_side_encryption": [],
            "stream_arn": "",
            "stream_enabled": false,
            "stream_label": "",
            "stream_view_type": "",
            "table_class": "STANDARD",
            "tags": {
              "Environment": "prod",
              "ManagedBy": "Terraform",
              "Project": "YouTubeBoosterAI"
            },
            "tags_all": {
              "Environment": "prod",
              "ManagedBy": "Terraform",
              "Project": "YouTubeBoosterAI"
            },
            "timeouts": null,
            "ttl": [
              {
                "attribute_name": "",
                "enabled": false
              }
            ],
            "write_capacity": 0
          },
          "sensitive_attributes": [],
          "identity_schema_version": 0,
          "private": "eyJlMmJmYjczMC1lY2FhLTExZTYtOGY4OC0zNDM2M2JjN2M0YzAiOnsiY3JlYXRlIjoxODAwMDAwMDAwMDAwLCJkZWxldGUiOjYwMDAwMDAwMDAwMCwidXBkYXRlIjozNjAwMDAwMDAwMDAwfSwic2NoZW1hX3ZlcnNpb24iOiIxIn0="
        }
      ]
    },
    {
      "mode": "managed",
      "type": "aws_dynamodb_table",
      "name": "demo_analyses",
      "provider": "provider[\"registry.terraform.io/hashicorp/aws\"]",
      "instances": [
        {
          "schema_version": 1,
          "attributes": {
            "arn": "arn:aws:dynamodb:us-east-1:718522948657:table/ybai-demo-analyses",
            "attribute": [
              {
                "name": "pk",
                "type": "S"
              },
              {
                "name": "sk",
                "type": "S"
              }
            ],
            "billing_mode": "PAY_PER_REQUEST",
            "deletion_protection_enabled": false,
            "global_secondary_index": [],
            "hash_key": "pk",
            "id": "ybai-demo-analyses",
            "import_table": [],
            "local_secondary_index": [],
            "name": "ybai-demo-analyses",
            "on_demand_throughput": [],
            "point_in_time_recovery": [
              {
                "enabled": false,
                "recovery_period_in_days": 0
              }
            ],
            "range_key": "sk",
            "read_capacity": 0,
            "replica": [],
            "restore_date_time": null,
            "restore_source_name": null,
            "restore_source_table_arn": null,
            "restore_to_latest_time": null,
            "server_side_encryption": [],
            "stream_arn": "",
            "stream_enabled": false,
            "stream_label": "",
            "stream_view_type": "",
            "table_class": "STANDARD",
            "tags": {
              "Environment": "prod",
              "ManagedBy": "Terraform",
              "Project": "YouTubeBoosterAI"
            },
            "tags_all": {
              "Environment": "prod",
              "ManagedBy": "Terraform",
              "Project": "YouTubeBoosterAI"
            },
            "timeouts": null,
            "ttl": [
              {
                "attribute_name": "",
                "enabled": false
              }
            ],
            "write_capacity": 0
          },
          "sensitive_attributes": [],
          "identity_schema_version": 0,
          "private": "eyJlMmJmYjczMC1lY2FhLTExZTYtOGY4OC0zNDM2M2JjN2M0YzAiOnsiY3JlYXRlIjoxODAwMDAwMDAwMDAwLCJkZWxldGUiOjYwMDAwMDAwMDAwMCwidXBkYXRlIjozNjAwMDAwMDAwMDAwfSwic2NoZW1hX3ZlcnNpb24iOiIxIn0="
        }
      ]
    },
    {
      "mode": "managed",
      "type": "aws_dynamodb_table",
      "name": "purchases",
      "provider": "provider[\"registry.terraform.io/hashicorp/aws\"]",
      "instances": [
        {
          "schema_version": 1,
          "attributes": {
            "arn": "arn:aws:dynamodb:us-east-1:718522948657:table/ybai-purchases",
            "attribute": [
              {
                "name": "pk",
                "type": "S"
              },
              {
                "name": "sk",
                "type": "S"
              }
            ],
            "billing_mode": "PAY_PER_REQUEST",
            "deletion_protection_enabled": false,
            "global_secondary_index": [],
            "hash_key": "pk",
            "id": "ybai-purchases",
            "import_table": [],
            "local_secondary_index": [],
            "name": "ybai-purchases",
            "on_demand_throughput": [],
            "point_in_time_recovery": [
              {
                "enabled": false,
                "recovery_period_in_days": 0
              }
            ],
            "range_key": "sk",
            "read_capacity": 0,
            "replica": [],
            "restore_date_time": null,
            "restore_source_name": null,
            "restore_source_table_arn": null,
            "restore_to_latest_time": null,
            "server_side_encryption": [],
            "stream_arn": "",
            "stream_enabled": false,
            "stream_label": "",
            "stream_view_type": "",
            "table_class": "STANDARD",
            "tags": {
              "Environment": "prod",
              "ManagedBy": "Terraform",
              "Project": "YouTubeBoosterAI"
            },
            "tags_all": {
              "Environment": "prod",
              "ManagedBy": "Terraform",
              "Project": "YouTubeBoosterAI"
            },
            "timeouts": null,
            "ttl": [
              {
                "attribute_name": "",
                "enabled": false
              }
            ],
            "write_capacity": 0
          },
          "sensitive_attributes": [],
          "identity_schema_version": 0,
          "private": "eyJlMmJmYjczMC1lY2FhLTExZTYtOGY4OC0zNDM2M2JjN2M0YzAiOnsiY3JlYXRlIjoxODAwMDAwMDAwMDAwLCJkZWxldGUiOjYwMDAwMDAwMDAwMCwidXBkYXRlIjozNjAwMDAwMDAwMDAwfSwic2NoZW1hX3ZlcnNpb24iOiIxIn0="
        }
      ]
    },
    {
      "mode": "managed",
      "type": "aws_dynamodb_table",
      "name": "reports",
      "provider": "provider[\"registry.terraform.io/hashicorp/aws\"]",
      "instances": [
        {
          "schema_version": 1,
          "attributes": {
            "arn": "arn:aws:dynamodb:us-east-1:718522948657:table/ybai-reports",
            "attribute": [
              {
                "name": "pk",
                "type": "S"
              },
              {
                "name": "sk",
                "type": "S"
              }
            ],
            "billing_mode": "PAY_PER_REQUEST",
            "deletion_protection_enabled": false,
            "global_secondary_index": [],
            "hash_key": "pk",
            "id": "ybai-reports",
            "import_table": [],
            "local_secondary_index": [],
            "name": "ybai-reports",
            "on_demand_throughput": [],
            "point_in_time_recovery": [
              {
                "enabled": false,
                "recovery_period_in_days": 0
              }
            ],
            "range_key": "sk",
            "read_capacity": 0,
            "replica": [],
            "restore_date_time": null,
            "restore_source_name": null,
            "restore_source_table_arn": null,
            "restore_to_latest_time": null,
            "server_side_encryption": [],
            "stream_arn": "",
            "stream_enabled": false,
            "stream_label": "",
            "stream_view_type": "",
            "table_class": "STANDARD",
            "tags": {
              "Environment": "prod",
              "ManagedBy": "Terraform",
              "Project": "YouTubeBoosterAI"
            },
            "tags_all": {
              "Environment": "prod",
              "ManagedBy": "Terraform",
              "Project": "YouTubeBoosterAI"
            },
            "timeouts": null,
            "ttl": [
              {
                "attribute_name": "",
                "enabled": false
              }
            ],
            "write_capacity": 0
          },
          "sensitive_attributes": [],
          "identity_schema_version": 0,
          "private": "eyJlMmJmYjczMC1lY2FhLTExZTYtOGY4OC0zNDM2M2JjN2M0YzAiOnsiY3JlYXRlIjoxODAwMDAwMDAwMDAwLCJkZWxldGUiOjYwMDAwMDAwMDAwMCwidXBkYXRlIjozNjAwMDAwMDAwMDAwfSwic2NoZW1hX3ZlcnNpb24iOiIxIn0="
        }
      ]
    },
    {
      "mode": "managed",
      "type": "aws_dynamodb_table",
      "name": "support",
      "provider": "provider[\"registry.terraform.io/hashicorp/aws\"]",
      "instances": [
        {
          "schema_version": 1,
          "attributes": {
            "arn": "arn:aws:dynamodb:us-east-1:718522948657:table/ybai-support",
            "attribute": [
              {
                "name": "pk",
                "type": "S"
              },
              {
                "name": "sk",
                "type": "S"
              }
            ],
            "billing_mode": "PAY_PER_REQUEST",
            "deletion_protection_enabled": false,
            "global_secondary_index": [],
            "hash_key": "pk",
            "id": "ybai-support",
            "import_table": [],
            "local_secondary_index": [],
            "name": "ybai-support",
            "on_demand_throughput": [],
            "point_in_time_recovery": [
              {
                "enabled": false,
                "recovery_period_in_days": 0
              }
            ],
            "range_key": "sk",
            "read_capacity": 0,
            "replica": [],
            "restore_date_time": null,
            "restore_source_name": null,
            "restore_source_table_arn": null,
            "restore_to_latest_time": null,
            "server_side_encryption": [],
            "stream_arn": "",
            "stream_enabled": false,
            "stream_label": "",
            "stream_view_type": "",
            "table_class": "STANDARD",
            "tags": {
              "Environment": "prod",
              "ManagedBy": "Terraform",
              "Project": "YouTubeBoosterAI"
            },
            "tags_all": {
              "Environment": "prod",
              "ManagedBy": "Terraform",
              "Project": "YouTubeBoosterAI"
            },
            "timeouts": null,
            "ttl": [
              {
                "attribute_name": "",
                "enabled": false
              }
            ],
            "write_capacity": 0
          },
          "sensitive_attributes": [],
          "identity_schema_version": 0,
          "private": "eyJlMmJmYjczMC1lY2FhLTExZTYtOGY4OC0zNDM2M2JjN2M0YzAiOnsiY3JlYXRlIjoxODAwMDAwMDAwMDAwLCJkZWxldGUiOjYwMDAwMDAwMDAwMCwidXBkYXRlIjozNjAwMDAwMDAwMDAwfSwic2NoZW1hX3ZlcnNpb24iOiIxIn0="
        }
      ]
    },
    {
      "mode": "managed",
      "type": "aws_dynamodb_table",
      "name": "users",
      "provider": "provider[\"registry.terraform.io/hashicorp/aws\"]",
      "instances": [
        {
          "schema_version": 1,
          "attributes": {
            "arn": "arn:aws:dynamodb:us-east-1:718522948657:table/ybai-users",
            "attribute": [
              {
                "name": "pk",
                "type": "S"
              },
              {
                "name": "sk",
                "type": "S"
              }
            ],
            "billing_mode": "PAY_PER_REQUEST",
            "deletion_protection_enabled": false,
            "global_secondary_index": [],
            "hash_key": "pk",
            "id": "ybai-users",
            "import_table": [],
            "local_secondary_index": [],
            "name": "ybai-users",
            "on_demand_throughput": [],
            "point_in_time_recovery": [
              {
                "enabled": false,
                "recovery_period_in_days": 0
              }
            ],
            "range_key": "sk",
            "read_capacity": 0,
            "replica": [],
            "restore_date_time": null,
            "restore_source_name": null,
            "restore_source_table_arn": null,
            "restore_to_latest_time": null,
            "server_side_encryption": [],
            "stream_arn": "",
            "stream_enabled": false,
            "stream_label": "",
            "stream_view_type": "",
            "table_class": "STANDARD",
            "tags": {
              "Environment": "prod",
              "ManagedBy": "Terraform",
              "Project": "YouTubeBoosterAI"
            },
            "tags_all": {
              "Environment": "prod",
              "ManagedBy": "Terraform",
              "Project": "YouTubeBoosterAI"
            },
            "timeouts": null,
            "ttl": [
              {
                "attribute_name": "",
                "enabled": false
              }
            ],
            "write_capacity": 0
          },
          "sensitive_attributes": [],
          "identity_schema_version": 0,
          "private": "eyJlMmJmYjczMC1lY2FhLTExZTYtOGY4OC0zNDM2M2JjN2M0YzAiOnsiY3JlYXRlIjoxODAwMDAwMDAwMDAwLCJkZWxldGUiOjYwMDAwMDAwMDAwMCwidXBkYXRlIjozNjAwMDAwMDAwMDAwfSwic2NoZW1hX3ZlcnNpb24iOiIxIn0="
        }
      ]
    },
    {
      "mode": "managed",
      "type": "aws_ssm_parameter",
      "name": "defaults",
      "provider": "provider[\"registry.terraform.io/hashicorp/aws\"]",
      "instances": [
        {
          "index_key": "/youtubebooster/admin/email",
          "schema_version": 0,
          "attributes": {
            "allowed_pattern": "",
            "arn": "arn:aws:ssm:us-east-1:718522948657:parameter/youtubebooster/admin/email",
            "data_type": "text",
            "description": "Admin login email",
            "has_value_wo": null,
            "id": "/youtubebooster/admin/email",
            "insecure_value": null,
            "key_id": "",
            "name": "/youtubebooster/admin/email",
            "overwrite": true,
            "tags": {
              "Environment": "prod",
              "ManagedBy": "Terraform",
              "Project": "YouTubeBoosterAI"
            },
            "tags_all": {
              "Environment": "prod",
              "ManagedBy": "Terraform",
              "Project": "YouTubeBoosterAI"
            },
            "tier": "Standard",
            "type": "String",
            "value": "admin@example.com",
            "value_wo": null,
            "value_wo_version": null,
            "version": 1
          },
          "sensitive_attributes": [
            [
              {
                "type": "get_attr",
                "value": "value"
              }
            ],
            [
              {
                "type": "get_attr",
                "value": "value_wo"
              }
            ]
          ],
          "identity_schema_version": 0,
          "private": "bnVsbA=="
        },
        {
          "index_key": "/youtubebooster/admin/google/auth-uri",
          "schema_version": 0,
          "attributes": {
            "allowed_pattern": "",
            "arn": "arn:aws:ssm:us-east-1:718522948657:parameter/youtubebooster/admin/google/auth-uri",
            "data_type": "text",
            "description": "Admin Google OAuth auth URI",
            "has_value_wo": null,
            "id": "/youtubebooster/admin/google/auth-uri",
            "insecure_value": null,
            "key_id": "",
            "name": "/youtubebooster/admin/google/auth-uri",
            "overwrite": true,
            "tags": {
              "Environment": "prod",
              "ManagedBy": "Terraform",
              "Project": "YouTubeBoosterAI"
            },
            "tags_all": {
              "Environment": "prod",
              "ManagedBy": "Terraform",
              "Project": "YouTubeBoosterAI"
            },
            "tier": "Standard",
            "type": "String",
            "value": "https://accounts.google.com/o/oauth2/auth",
            "value_wo": null,
            "value_wo_version": null,
            "version": 1
          },
          "sensitive_attributes": [
            [
              {
                "type": "get_attr",
                "value": "value"
              }
            ],
            [
              {
                "type": "get_attr",
                "value": "value_wo"
              }
            ]
          ],
          "identity_schema_version": 0,
          "private": "bnVsbA=="
        },
        {
          "index_key": "/youtubebooster/admin/google/client-id",
          "schema_version": 0,
          "attributes": {
            "allowed_pattern": "",
            "arn": "arn:aws:ssm:us-east-1:718522948657:parameter/youtubebooster/admin/google/client-id",
            "data_type": "text",
            "description": "Admin Google OAuth client id (from credentials.json installed.client_id)",
            "has_value_wo": null,
            "id": "/youtubebooster/admin/google/client-id",
            "insecure_value": null,
            "key_id": "alias/aws/ssm",
            "name": "/youtubebooster/admin/google/client-id",
            "overwrite": true,
            "tags": {
              "Environment": "prod",
              "ManagedBy": "Terraform",
              "Project": "YouTubeBoosterAI"
            },
            "tags_all": {
              "Environment": "prod",
              "ManagedBy": "Terraform",
              "Project": "YouTubeBoosterAI"
            },
            "tier": "Standard",
            "type": "SecureString",
            "value": "replace-me",
            "value_wo": null,
            "value_wo_version": null,
            "version": 1
          },
          "sensitive_attributes": [
            [
              {
                "type": "get_attr",
                "value": "value"
              }
            ],
            [
              {
                "type": "get_attr",
                "value": "value_wo"
              }
            ]
          ],
          "identity_schema_version": 0,
          "private": "bnVsbA=="
        },
        {
          "index_key": "/youtubebooster/admin/google/client-secret",
          "schema_version": 0,
          "attributes": {
            "allowed_pattern": "",
            "arn": "arn:aws:ssm:us-east-1:718522948657:parameter/youtubebooster/admin/google/client-secret",
            "data_type": "text",
            "description": "Admin Google OAuth client secret (from credentials.json)",
            "has_value_wo": null,
            "id": "/youtubebooster/admin/google/client-secret",
            "insecure_value": null,
            "key_id": "alias/aws/ssm",
            "name": "/youtubebooster/admin/google/client-secret",
            "overwrite": true,
            "tags": {
              "Environment": "prod",
              "ManagedBy": "Terraform",
              "Project": "YouTubeBoosterAI"
            },
            "tags_all": {
              "Environment": "prod",
              "ManagedBy": "Terraform",
              "Project": "YouTubeBoosterAI"
            },
            "tier": "Standard",
            "type": "SecureString",
            "value": "replace-me",
            "value_wo": null,
            "value_wo_version": null,
            "version": 1
          },
          "sensitive_attributes": [
            [
              {
                "type": "get_attr",
                "value": "value"
              }
            ],
            [
              {
                "type": "get_attr",
                "value": "value_wo"
              }
            ]
          ],
          "identity_schema_version": 0,
          "private": "bnVsbA=="
        },
        {
          "index_key": "/youtubebooster/admin/google/credentials-json",
          "schema_version": 0,
          "attributes": {
            "allowed_pattern": "",
            "arn": "arn:aws:ssm:us-east-1:718522948657:parameter/youtubebooster/admin/google/credentials-json",
            "data_type": "text",
            "description": "Admin Google OAuth credentials (full JSON or built from granular params)",
            "has_value_wo": null,
            "id": "/youtubebooster/admin/google/credentials-json",
            "insecure_value": null,
            "key_id": "alias/aws/ssm",
            "name": "/youtubebooster/admin/google/credentials-json",
            "overwrite": true,
            "tags": {
              "Environment": "prod",
              "ManagedBy": "Terraform",
              "Project": "YouTubeBoosterAI"
            },
            "tags_all": {
              "Environment": "prod",
              "ManagedBy": "Terraform",
              "Project": "YouTubeBoosterAI"
            },
            "tier": "Standard",
            "type": "SecureString",
            "value": "{\"installed\":{\"client_id\":\"981975072150-o0c0jail231d57bgbv708dkb7ufpu6ld.apps.googleusercontent.com\",\"project_id\":\"youtubebooster-479002\",\"auth_uri\":\"https://accounts.google.com/o/oauth2/auth\",\"token_uri\":\"https://oauth2.googleapis.com/token\",\"auth_provider_x509_cert_url\":\"https://www.googleapis.com/oauth2/v1/certs\",\"client_secret\":\"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\",\"redirect_uris\":[\"http://localhost\"]}}",
            "value_wo": null,
            "value_wo_version": null,
            "version": 2
          },
          "sensitive_attributes": [
            [
              {
                "type": "get_attr",
                "value": "value"
              }
            ],
            [
              {
                "type": "get_attr",
                "value": "value_wo"
              }
            ]
          ],
          "identity_schema_version": 0,
          "private": "bnVsbA=="
        },
        {
          "index_key": "/youtubebooster/admin/google/project-id",
          "schema_version": 0,
          "attributes": {
            "allowed_pattern": "",
            "arn": "arn:aws:ssm:us-east-1:718522948657:parameter/youtubebooster/admin/google/project-id",
            "data_type": "text",
            "description": "Admin Google OAuth project id (from credentials.json)",
            "has_value_wo": null,
            "id": "/youtubebooster/admin/google/project-id",
            "insecure_value": null,
            "key_id": "",
            "name": "/youtubebooster/admin/google/project-id",
            "overwrite": true,
            "tags": {
              "Environment": "prod",
              "ManagedBy": "Terraform",
              "Project": "YouTubeBoosterAI"
            },
            "tags_all": {
              "Environment": "prod",
              "ManagedBy": "Terraform",
              "Project": "YouTubeBoosterAI"
            },
            "tier": "Standard",
            "type": "String",
            "value": "replace-me",
            "value_wo": null,
            "value_wo_version": null,
            "version": 1
          },
          "sensitive_attributes": [
            [
              {
                "type": "get_attr",
                "value": "value"
              }
            ],
            [
              {
                "type": "get_attr",
                "value": "value_wo"
              }
            ]
          ],
          "identity_schema_version": 0,
          "private": "bnVsbA=="
        },
        {
          "index_key": "/youtubebooster/admin/google/redirect-uri",
          "schema_version": 0,
          "attributes": {
            "allowed_pattern": "",
            "arn": "arn:aws:ssm:us-east-1:718522948657:parameter/youtubebooster/admin/google/redirect-uri",
            "data_type": "text",
            "description": "Admin Google OAuth redirect URI (first redirect_uris entry)",
            "has_value_wo": null,
            "id": "/youtubebooster/admin/google/redirect-uri",
            "insecure_value": null,
            "key_id": "",
            "name": "/youtubebooster/admin/google/redirect-uri",
            "overwrite": true,
            "tags": {
              "Environment": "prod",
              "ManagedBy": "Terraform",
              "Project": "YouTubeBoosterAI"
            },
            "tags_all": {
              "Environment": "prod",
              "ManagedBy": "Terraform",
              "Project": "YouTubeBoosterAI"
            },
            "tier": "Standard",
            "type": "String",
            "value": "http://localhost",
            "value_wo": null,
            "value_wo_version": null,
            "version": 1
          },
          "sensitive_attributes": [
            [
              {
                "type": "get_attr",
                "value": "value"
              }
            ],
            [
              {
                "type": "get_attr",
                "value": "value_wo"
              }
            ]
          ],
          "identity_schema_version": 0,
          "private": "bnVsbA=="
        },
        {
          "index_key": "/youtubebooster/admin/google/token-uri",
          "schema_version": 0,
          "attributes": {
            "allowed_pattern": "",
            "arn": "arn:aws:ssm:us-east-1:718522948657:parameter/youtubebooster/admin/google/token-uri",
            "data_type": "text",
            "description": "Admin Google OAuth token URI",
            "has_value_wo": null,
            "id": "/youtubebooster/admin/google/token-uri",
            "insecure_value": null,
            "key_id": "",
            "name": "/youtubebooster/admin/google/token-uri",
            "overwrite": true,
            "tags": {
              "Environment": "prod",
              "ManagedBy": "Terraform",
              "Project": "YouTubeBoosterAI"
            },
            "tags_all": {
              "Environment": "prod",
              "ManagedBy": "Terraform",
              "Project": "YouTubeBoosterAI"
            },
            "tier": "Standard",
            "type": "String",
            "value": "https://oauth2.googleapis.com/token",
            "value_wo": null,
            "value_wo_version": null,
            "version": 1
          },
          "sensitive_attributes": [
            [
              {
                "type": "get_attr",
                "value": "value"
              }
            ],
            [
              {
                "type": "get_attr",
                "value": "value_wo"
              }
            ]
          ],
          "identity_schema_version": 0,
          "private": "bnVsbA=="
        },
        {
          "index_key": "/youtubebooster/admin/password",
          "schema_version": 0,
          "attributes": {
            "allowed_pattern": "",
            "arn": "arn:aws:ssm:us-east-1:718522948657:parameter/youtubebooster/admin/password",
            "data_type": "text",
            "description": "Admin login password placeholder",
            "has_value_wo": null,
            "id": "/youtubebooster/admin/password",
            "insecure_value": null,
            "key_id": "alias/aws/ssm",
            "name": "/youtubebooster/admin/password",
            "overwrite": true,
            "tags": {
              "Environment": "prod",
              "ManagedBy": "Terraform",
              "Project": "YouTubeBoosterAI"
            },
            "tags_all": {
              "Environment": "prod",
              "ManagedBy": "Terraform",
              "Project": "YouTubeBoosterAI"
            },
            "tier": "Standard",
            "type": "SecureString",
            "value": "change-me",
            "value_wo": null,
            "value_wo_version": null,
            "version": 1
          },
          "sensitive_attributes": [
            [
              {
                "type": "get_attr",
                "value": "value"
              }
            ],
            [
              {
                "type": "get_attr",
                "value": "value_wo"
              }
            ]
          ],
          "identity_schema_version": 0,
          "private": "bnVsbA=="
        },
        {
          "index_key": "/youtubebooster/features/demo-rate-limit-per-hour",
          "schema_version": 0,
          "attributes": {
            "allowed_pattern": "",
            "arn": "arn:aws:ssm:us-east-1:718522948657:parameter/youtubebooster/features/demo-rate-limit-per-hour",
            "data_type": "text",
            "description": "Public demo rate limit",
            "has_value_wo": null,
            "id": "/youtubebooster/features/demo-rate-limit-per-hour",
            "insecure_value": null,
            "key_id": "",
            "name": "/youtubebooster/features/demo-rate-limit-per-hour",
            "overwrite": true,
            "tags": {
              "Environment": "prod",
              "ManagedBy": "Terraform",
              "Project": "YouTubeBoosterAI"
            },
            "tags_all": {
              "Environment": "prod",
              "ManagedBy": "Terraform",
              "Project": "YouTubeBoosterAI"
            },
            "tier": "Standard",
            "type": "String",
            "value": "10",
            "value_wo": null,
            "value_wo_version": null,
            "version": 1
          },
          "sensitive_attributes": [
            [
              {
                "type": "get_attr",
                "value": "value"
              }
            ],
            [
              {
                "type": "get_attr",
                "value": "value_wo"
              }
            ]
          ],
          "identity_schema_version": 0,
          "private": "bnVsbA=="
        },
        {
          "index_key": "/youtubebooster/features/enable-public-demo",
          "schema_version": 0,
          "attributes": {
            "allowed_pattern": "",
            "arn": "arn:aws:ssm:us-east-1:718522948657:parameter/youtubebooster/features/enable-public-demo",
            "data_type": "text",
            "description": "Public demo feature flag",
            "has_value_wo": null,
            "id": "/youtubebooster/features/enable-public-demo",
            "insecure_value": null,
            "key_id": "",
            "name": "/youtubebooster/features/enable-public-demo",
            "overwrite": true,
            "tags": {
              "Environment": "prod",
              "ManagedBy": "Terraform",
              "Project": "YouTubeBoosterAI"
            },
            "tags_all": {
              "Environment": "prod",
              "ManagedBy": "Terraform",
              "Project": "YouTubeBoosterAI"
            },
            "tier": "Standard",
            "type": "String",
            "value": "true",
            "value_wo": null,
            "value_wo_version": null,
            "version": 1
          },
          "sensitive_attributes": [
            [
              {
                "type": "get_attr",
                "value": "value"
              }
            ],
            [
              {
                "type": "get_attr",
                "value": "value_wo"
              }
            ]
          ],
          "identity_schema_version": 0,
          "private": "bnVsbA=="
        },
        {
          "index_key": "/youtubebooster/pricing/currency",
          "schema_version": 0,
          "attributes": {
            "allowed_pattern": "",
            "arn": "arn:aws:ssm:us-east-1:718522948657:parameter/youtubebooster/pricing/currency",
            "data_type": "text",
            "description": "Default pricing currency",
            "has_value_wo": null,
            "id": "/youtubebooster/pricing/currency",
            "insecure_value": null,
            "key_id": "",
            "name": "/youtubebooster/pricing/currency",
            "overwrite": true,
            "tags": {
              "Environment": "prod",
              "ManagedBy": "Terraform",
              "Project": "YouTubeBoosterAI"
            },
            "tags_all": {
              "Environment": "prod",
              "ManagedBy": "Terraform",
              "Project": "YouTubeBoosterAI"
            },
            "tier": "Standard",
            "type": "String",
            "value": "USD",
            "value_wo": null,
            "value_wo_version": null,
            "version": 1
          },
          "sensitive_attributes": [
            [
              {
                "type": "get_attr",
                "value": "value"
              }
            ],
            [
              {
                "type": "get_attr",
                "value": "value_wo"
              }
            ]
          ],
          "identity_schema_version": 0,
          "private": "bnVsbA=="
        },
        {
          "index_key": "/youtubebooster/pricing/one-time-price",
          "schema_version": 0,
          "attributes": {
            "allowed_pattern": "",
            "arn": "arn:aws:ssm:us-east-1:718522948657:parameter/youtubebooster/pricing/one-time-price",
            "data_type": "text",
            "description": "Default one-time purchase price",
            "has_value_wo": null,
            "id": "/youtubebooster/pricing/one-time-price",
            "insecure_value": null,
            "key_id": "",
            "name": "/youtubebooster/pricing/one-time-price",
            "overwrite": true,
            "tags": {
              "Environment": "prod",
              "ManagedBy": "Terraform",
              "Project": "YouTubeBoosterAI"
            },
            "tags_all": {
              "Environment": "prod",
              "ManagedBy": "Terraform",
              "Project": "YouTubeBoosterAI"
            },
            "tier": "Standard",
            "type": "String",
            "value": "49.99",
            "value_wo": null,
            "value_wo_version": null,
            "version": 1
          },
          "sensitive_attributes": [
            [
              {
                "type": "get_attr",
                "value": "value"
              }
            ],
            [
              {
                "type": "get_attr",
                "value": "value_wo"
              }
            ]
          ],
          "identity_schema_version": 0,
          "private": "bnVsbA=="
        },
        {
          "index_key": "/youtubebooster/ses/admin-email",
          "schema_version": 0,
          "attributes": {
            "allowed_pattern": "",
            "arn": "arn:aws:ssm:us-east-1:718522948657:parameter/youtubebooster/ses/admin-email",
            "data_type": "text",
            "description": "Admin inbox email",
            "has_value_wo": null,
            "id": "/youtubebooster/ses/admin-email",
            "insecure_value": null,
            "key_id": "",
            "name": "/youtubebooster/ses/admin-email",
            "overwrite": true,
            "tags": {
              "Environment": "prod",
              "ManagedBy": "Terraform",
              "Project": "YouTubeBoosterAI"
            },
            "tags_all": {
              "Environment": "prod",
              "ManagedBy": "Terraform",
              "Project": "YouTubeBoosterAI"
            },
            "tier": "Standard",
            "type": "String",
            "value": "replace-me@example.com",
            "value_wo": null,
            "value_wo_version": null,
            "version": 1
          },
          "sensitive_attributes": [
            [
              {
                "type": "get_attr",
                "value": "value"
              }
            ],
            [
              {
                "type": "get_attr",
                "value": "value_wo"
              }
            ]
          ],
          "identity_schema_version": 0,
          "private": "bnVsbA=="
        },
        {
          "index_key": "/youtubebooster/ses/from-email",
          "schema_version": 0,
          "attributes": {
            "allowed_pattern": "",
            "arn": "arn:aws:ssm:us-east-1:718522948657:parameter/youtubebooster/ses/from-email",
            "data_type": "text",
            "description": "SES verified sender email",
            "has_value_wo": null,
            "id": "/youtubebooster/ses/from-email",
            "insecure_value": null,
            "key_id": "",
            "name": "/youtubebooster/ses/from-email",
            "overwrite": true,
            "tags": {
              "Environment": "prod",
              "ManagedBy": "Terraform",
              "Project": "YouTubeBoosterAI"
            },
            "tags_all": {
              "Environment": "prod",
              "ManagedBy": "Terraform",
              "Project": "YouTubeBoosterAI"
            },
            "tier": "Standard",
            "type": "String",
            "value": "replace-me@example.com",
            "value_wo": null,
            "value_wo_version": null,
            "version": 1
          },
          "sensitive_attributes": [
            [
              {
                "type": "get_attr",
                "value": "value"
              }
            ],
            [
              {
                "type": "get_attr",
                "value": "value_wo"
              }
            ]
          ],
          "identity_schema_version": 0,
          "private": "bnVsbA=="
        },
        {
          "index_key": "/youtubebooster/stripe/openai-api-key",
          "schema_version": 0,
          "attributes": {
            "allowed_pattern": "",
            "arn": "arn:aws:ssm:us-east-1:718522948657:parameter/youtubebooster/stripe/openai-api-key",
            "data_type": "text",
            "description": "OpenAI API key placeholder using requested sample path",
            "has_value_wo": null,
            "id": "/youtubebooster/stripe/openai-api-key",
            "insecure_value": null,
            "key_id": "alias/aws/ssm",
            "name": "/youtubebooster/stripe/openai-api-key",
            "overwrite": true,
            "tags": {
              "Environment": "prod",
              "ManagedBy": "Terraform",
              "Project": "YouTubeBoosterAI"
            },
            "tags_all": {
              "Environment": "prod",
              "ManagedBy": "Terraform",
              "Project": "YouTubeBoosterAI"
            },
            "tier": "Standard",
            "type": "SecureString",
            "value": "replace-me",
            "value_wo": null,
            "value_wo_version": null,
            "version": 1
          },
          "sensitive_attributes": [
            [
              {
                "type": "get_attr",
                "value": "value"
              }
            ],
            [
              {
                "type": "get_attr",
                "value": "value_wo"
              }
            ]
          ],
          "identity_schema_version": 0,
          "private": "bnVsbA=="
        },
        {
          "index_key": "/youtubebooster/stripe/price-lookup-key",
          "schema_version": 0,
          "attributes": {
            "allowed_pattern": "",
            "arn": "arn:aws:ssm:us-east-1:718522948657:parameter/youtubebooster/stripe/price-lookup-key",
            "data_type": "text",
            "description": "Stripe price lookup key for one-time product",
            "has_value_wo": null,
            "id": "/youtubebooster/stripe/price-lookup-key",
            "insecure_value": null,
            "key_id": "",
            "name": "/youtubebooster/stripe/price-lookup-key",
            "overwrite": true,
            "tags": {
              "Environment": "prod",
              "ManagedBy": "Terraform",
              "Project": "YouTubeBoosterAI"
            },
            "tags_all": {
              "Environment": "prod",
              "ManagedBy": "Terraform",
              "Project": "YouTubeBoosterAI"
            },
            "tier": "Standard",
            "type": "String",
            "value": "ytboosterai_default",
            "value_wo": null,
            "value_wo_version": null,
            "version": 1
          },
          "sensitive_attributes": [
            [
              {
                "type": "get_attr",
                "value": "value"
              }
            ],
            [
              {
                "type": "get_attr",
                "value": "value_wo"
              }
            ]
          ],
          "identity_schema_version": 0,
          "private": "bnVsbA=="
        },
        {
          "index_key": "/youtubebooster/stripe/publishable-key",
          "schema_version": 0,
          "attributes": {
            "allowed_pattern": "",
            "arn": "arn:aws:ssm:us-east-1:718522948657:parameter/youtubebooster/stripe/publishable-key",
            "data_type": "text",
            "description": "Stripe publishable key",
            "has_value_wo": null,
            "id": "/youtubebooster/stripe/publishable-key",
            "insecure_value": null,
            "key_id": "",
            "name": "/youtubebooster/stripe/publishable-key",
            "overwrite": true,
            "tags": {
              "Environment": "prod",
              "ManagedBy": "Terraform",
              "Project": "YouTubeBoosterAI"
            },
            "tags_all": {
              "Environment": "prod",
              "ManagedBy": "Terraform",
              "Project": "YouTubeBoosterAI"
            },
            "tier": "Standard",
            "type": "String",
            "value": "pk_test_replace_me",
            "value_wo": null,
            "value_wo_version": null,
            "version": 1
          },
          "sensitive_attributes": [
            [
              {
                "type": "get_attr",
                "value": "value"
              }
            ],
            [
              {
                "type": "get_attr",
                "value": "value_wo"
              }
            ]
          ],
          "identity_schema_version": 0,
          "private": "bnVsbA=="
        },
        {
          "index_key": "/youtubebooster/stripe/secret-key",
          "schema_version": 0,
          "attributes": {
            "allowed_pattern": "",
            "arn": "arn:aws:ssm:us-east-1:718522948657:parameter/youtubebooster/stripe/secret-key",
            "data_type": "text",
            "description": "Stripe secret API key",
            "has_value_wo": null,
            "id": "/youtubebooster/stripe/secret-key",
            "insecure_value": null,
            "key_id": "alias/aws/ssm",
            "name": "/youtubebooster/stripe/secret-key",
            "overwrite": true,
            "tags": {
              "Environment": "prod",
              "ManagedBy": "Terraform",
              "Project": "YouTubeBoosterAI"
            },
            "tags_all": {
              "Environment": "prod",
              "ManagedBy": "Terraform",
              "Project": "YouTubeBoosterAI"
            },
            "tier": "Standard",
            "type": "SecureString",
            "value": "replace-me",
            "value_wo": null,
            "value_wo_version": null,
            "version": 1
          },
          "sensitive_attributes": [
            [
              {
                "type": "get_attr",
                "value": "value"
              }
            ],
            [
              {
                "type": "get_attr",
                "value": "value_wo"
              }
            ]
          ],
          "identity_schema_version": 0,
          "private": "bnVsbA=="
        },
        {
          "index_key": "/youtubebooster/stripe/webhook-secret",
          "schema_version": 0,
          "attributes": {
            "allowed_pattern": "",
            "arn": "arn:aws:ssm:us-east-1:718522948657:parameter/youtubebooster/stripe/webhook-secret",
            "data_type": "text",
            "description": "Stripe webhook signing secret",
            "has_value_wo": null,
            "id": "/youtubebooster/stripe/webhook-secret",
            "insecure_value": null,
            "key_id": "alias/aws/ssm",
            "name": "/youtubebooster/stripe/webhook-secret",
            "overwrite": true,
            "tags": {
              "Environment": "prod",
              "ManagedBy": "Terraform",
              "Project": "YouTubeBoosterAI"
            },
            "tags_all": {
              "Environment": "prod",
              "ManagedBy": "Terraform",
              "Project": "YouTubeBoosterAI"
            },
            "tier": "Standard",
            "type": "SecureString",
            "value": "replace-me",
            "value_wo": null,
            "value_wo_version": null,
            "version": 1
          },
          "sensitive_attributes": [
            [
              {
                "type": "get_attr",
                "value": "value"
              }
            ],
            [
              {
                "type": "get_attr",
                "value": "value_wo"
              }
            ]
          ],
          "identity_schema_version": 0,
          "private": "bnVsbA=="
        },
        {
          "index_key": "/youtubebooster/youtube/api-key",
          "schema_version": 0,
          "attributes": {
            "allowed_pattern": "",
            "arn": "arn:aws:ssm:us-east-1:718522948657:parameter/youtubebooster/youtube/api-key",
            "data_type": "text",
            "description": "YouTube Data API key for public demo analysis",
            "has_value_wo": null,
            "id": "/youtubebooster/youtube/api-key",
            "insecure_value": null,
            "key_id": "alias/aws/ssm",
            "name": "/youtubebooster/youtube/api-key",
            "overwrite": true,
            "tags": {
              "Environment": "prod",
              "ManagedBy": "Terraform",
              "Project": "YouTubeBoosterAI"
            },
            "tags_all": {
              "Environment": "prod",
              "ManagedBy": "Terraform",
              "Project": "YouTubeBoosterAI"
            },
            "tier": "Standard",
            "type": "SecureString",
            "value": "replace-me",
            "value_wo": null,
            "value_wo_version": null,
            "version": 1
          },
          "sensitive_attributes": [
            [
              {
                "type": "get_attr",
                "value": "value"
              }
            ],
            [
              {
                "type": "get_attr",
                "value": "value_wo"
              }
            ]
          ],
          "identity_schema_version": 0,
          "private": "bnVsbA=="
        }
      ]
    }
  ],
  "check_results": null
}
